// !$*UTF8*$!
{
	archiveVersion = 1;
	classes = {
	};
	objectVersion = 48;
	objects = {

/* Begin PBXBuildFile section */
		B9CE4B9320209CD4007F3BF0 /* CrashAppDelegate.m in Sources */ = {isa = PBXBuildFile; fileRef = B9CE4B8D20209CD3007F3BF0 /* CrashAppDelegate.m */; };
		B9CE4B9420209CD4007F3BF0 /* CrashMainMenu.xib in Resources */ = {isa = PBXBuildFile; fileRef = B9CE4B8E20209CD3007F3BF0 /* CrashMainMenu.xib */; };
		B9CE4B9520209CD4007F3BF0 /* CrashHelper.icns in Resources */ = {isa = PBXBuildFile; fileRef = B9CE4B9020209CD3007F3BF0 /* CrashHelper.icns */; };
/* End PBXBuildFile section */

/* Begin PBXFileReference section */
		B9CE4B7920209CB0007F3BF0 /* CrashHelper.app */ = {isa = PBXFileReference; explicitFileType = wrapper.application; includeInIndex = 0; path = CrashHelper.app; sourceTree = BUILT_PRODUCTS_DIR; };
		B9CE4B8D20209CD3007F3BF0 /* CrashAppDelegate.m */ = {isa = PBXFileReference; fileEncoding = 4; lastKnownFileType = sourcecode.c.objc; path = CrashAppDelegate.m; sourceTree = "<group>"; };
		B9CE4B8E20209CD3007F3BF0 /* CrashMainMenu.xib */ = {isa = PBXFileReference; fileEncoding = 4; lastKnownFileType = file.xib; path = CrashMainMenu.xib; sourceTree = "<group>"; };
		B9CE4B8F20209CD3007F3BF0 /* CrashAppDelegate.h */ = {isa = PBXFileReference; fileEncoding = 4; lastKnownFileType = sourcecode.c.h; path = CrashAppDelegate.h; sourceTree = "<group>"; };
		B9CE4B9020209CD3007F3BF0 /* CrashHelper.icns */ = {isa = PBXFileReference; lastKnownFileType = image.icns; path = CrashHelper.icns; sourceTree = "<group>"; };
		B9CE4B9120209CD3007F3BF0 /* CrashHelper-Info.plist */ = {isa = PBXFileReference; fileEncoding = 4; lastKnownFileType = text.plist.xml; path = "CrashHelper-Info.plist"; sourceTree = "<group>"; };
		B9CE4B9220209CD4007F3BF0 /* CrashHelper.entitlements */ = {isa = PBXFileReference; fileEncoding = 4; lastKnownFileType = text.plist.entitlements; path = CrashHelper.entitlements; sourceTree = "<group>"; };
/* End PBXFileReference section */

/* Begin PBXFrameworksBuildPhase section */
		B9CE4B7620209CB0007F3BF0 /* Frameworks */ = {
			isa = PBXFrameworksBuildPhase;
			buildActionMask = 2147483647;
			files = (
			);
			runOnlyForDeploymentPostprocessing = 0;
		};
/* End PBXFrameworksBuildPhase section */

/* Begin PBXGroup section */
		B9CE4B7020209CB0007F3BF0 = {
			isa = PBXGroup;
			children = (
				B9CE4B8F20209CD3007F3BF0 /* CrashAppDelegate.h */,
				B9CE4B8D20209CD3007F3BF0 /* CrashAppDelegate.m */,
				B9CE4B9120209CD3007F3BF0 /* CrashHelper-Info.plist */,
				B9CE4B9220209CD4007F3BF0 /* CrashHelper.entitlements */,
				B9CE4B9020209CD3007F3BF0 /* CrashHelper.icns */,
				B9CE4B8E20209CD3007F3BF0 /* CrashMainMenu.xib */,
				B9CE4B7A20209CB0007F3BF0 /* Products */,
			);
			sourceTree = "<group>";
		};
		B9CE4B7A20209CB0007F3BF0 /* Products */ = {
			isa = PBXGroup;
			children = (
				B9CE4B7920209CB0007F3BF0 /* CrashHelper.app */,
			);
			name = Products;
			sourceTree = "<group>";
		};
/* End PBXGroup section */

/* Begin PBXNativeTarget section */
		B9CE4B7820209CB0007F3BF0 /* CrashHelper */ = {
			isa = PBXNativeTarget;
			buildConfigurationList = B9CE4B8A20209CB0007F3BF0 /* Build configuration list for PBXNativeTarget "CrashHelper" */;
			buildPhases = (
				B9CE4B7520209CB0007F3BF0 /* Sources */,
				B9CE4B7620209CB0007F3BF0 /* Frameworks */,
				B9CE4B7720209CB0007F3BF0 /* Resources */,
			);
			buildRules = (
			);
			dependencies = (
			);
			name = CrashHelper;
			productName = CrashHelper;
			productReference = B9CE4B7920209CB0007F3BF0 /* CrashHelper.app */;
			productType = "com.apple.product-type.application";
		};
/* End PBXNativeTarget section */

/* Begin PBXProject section */
		B9CE4B7120209CB0007F3BF0 /* Project object */ = {
			isa = PBXProject;
			attributes = {
				LastUpgradeCheck = 0920;
				ORGANIZATIONNAME = "CoreCode Limited";
				TargetAttributes = {
					B9CE4B7820209CB0007F3BF0 = {
						CreatedOnToolsVersion = 9.2;
						ProvisioningStyle = Automatic;
					};
				};
			};
			buildConfigurationList = B9CE4B7420209CB0007F3BF0 /* Build configuration list for PBXProject "CrashHelper" */;
			compatibilityVersion = "Xcode 8.0";
			developmentRegion = en;
			hasScannedForEncodings = 0;
			knownRegions = (
				en,
				Base,
			);
			mainGroup = B9CE4B7020209CB0007F3BF0;
			productRefGroup = B9CE4B7A20209CB0007F3BF0 /* Products */;
			projectDirPath = "";
			projectRoot = "";
			targets = (
				B9CE4B7820209CB0007F3BF0 /* CrashHelper */,
			);
		};
/* End PBXProject section */

/* Begin PBXResourcesBuildPhase section */
		B9CE4B7720209CB0007F3BF0 /* Resources */ = {
			isa = PBXResourcesBuildPhase;
			buildActionMask = 2147483647;
			files = (
				B9CE4B9520209CD4007F3BF0 /* CrashHelper.icns in Resources */,
				B9CE4B9420209CD4007F3BF0 /* CrashMainMenu.xib in Resources */,
			);
			runOnlyForDeploymentPostprocessing = 0;
		};
/* End PBXResourcesBuildPhase section */

/* Begin PBXSourcesBuildPhase section */
		B9CE4B7520209CB0007F3BF0 /* Sources */ = {
			isa = PBXSourcesBuildPhase;
			buildActionMask = 2147483647;
			files = (
				B9CE4B9320209CD4007F3BF0 /* CrashAppDelegate.m in Sources */,
			);
			runOnlyForDeploymentPostprocessing = 0;
		};
/* End PBXSourcesBuildPhase section */

/* Begin XCBuildConfiguration section */
		B9CE4B8820209CB0007F3BF0 /* Debug */ = {
			isa = XCBuildConfiguration;
			buildSettings = {
				ALWAYS_SEARCH_USER_PATHS = NO;
				CLANG_ANALYZER_NONNULL = YES;
				CLANG_ANALYZER_NUMBER_OBJECT_CONVERSION = YES_AGGRESSIVE;
				CLANG_CXX_LANGUAGE_STANDARD = "gnu++14";
				CLANG_CXX_LIBRARY = "libc++";
				CLANG_ENABLE_MODULES = YES;
				CLANG_ENABLE_OBJC_ARC = YES;
				CLANG_WARN_BLOCK_CAPTURE_AUTORELEASING = YES;
				CLANG_WARN_BOOL_CONVERSION = YES;
				CLANG_WARN_COMMA = YES;
				CLANG_WARN_CONSTANT_CONVERSION = YES;
				CLANG_WARN_DIRECT_OBJC_ISA_USAGE = YES_ERROR;
				CLANG_WARN_DOCUMENTATION_COMMENTS = YES;
				CLANG_WARN_EMPTY_BODY = YES;
				CLANG_WARN_ENUM_CONVERSION = YES;
				CLANG_WARN_INFINITE_RECURSION = YES;
				CLANG_WARN_INT_CONVERSION = YES;
				CLANG_WARN_NON_LITERAL_NULL_CONVERSION = YES;
				CLANG_WARN_OBJC_LITERAL_CONVERSION = YES;
				CLANG_WARN_OBJC_ROOT_CLASS = YES_ERROR;
				CLANG_WARN_RANGE_LOOP_ANALYSIS = YES;
				CLANG_WARN_STRICT_PROTOTYPES = YES;
				CLANG_WARN_SUSPICIOUS_MOVE = YES;
				CLANG_WARN_UNGUARDED_AVAILABILITY = YES_AGGRESSIVE;
				CLANG_WARN_UNREACHABLE_CODE = YES;
				CLANG_WARN__DUPLICATE_METHOD_MATCH = YES;
				CODE_SIGN_IDENTITY = "-";
				COPY_PHASE_STRIP = NO;
				DEBUG_INFORMATION_FORMAT = dwarf;
				ENABLE_STRICT_OBJC_MSGSEND = YES;
				ENABLE_TESTABILITY = YES;
				GCC_C_LANGUAGE_STANDARD = gnu11;
				GCC_DYNAMIC_NO_PIC = NO;
				GCC_NO_COMMON_BLOCKS = YES;
				GCC_OPTIMIZATION_LEVEL = 0;
				GCC_PREPROCESSOR_DEFINITIONS = (
					"DEBUG=1",
					"$(inherited)",
					"SANDBOX=1",
				);
				GCC_WARN_64_TO_32_BIT_CONVERSION = YES;
				GCC_WARN_ABOUT_RETURN_TYPE = YES_ERROR;
				GCC_WARN_UNDECLARED_SELECTOR = YES;
				GCC_WARN_UNINITIALIZED_AUTOS = YES_AGGRESSIVE;
				GCC_WARN_UNUSED_FUNCTION = YES;
				GCC_WARN_UNUSED_VARIABLE = YES;
				MACOSX_DEPLOYMENT_TARGET = 10.9;
				MTL_ENABLE_DEBUG_INFO = YES;
				ONLY_ACTIVE_ARCH = YES;
				SDKROOT = macosx;
			};
			name = Debug;
		};
		B9CE4B8920209CB0007F3BF0 /* Release */ = {
			isa = XCBuildConfiguration;
			buildSettings = {
				ALWAYS_SEARCH_USER_PATHS = NO;
				CLANG_ANALYZER_NONNULL = YES;
				CLANG_ANALYZER_NUMBER_OBJECT_CONVERSION = YES_AGGRESSIVE;
				CLANG_CXX_LANGUAGE_STANDARD = "gnu++14";
				CLANG_CXX_LIBRARY = "libc++";
				CLANG_ENABLE_MODULES = YES;
				CLANG_ENABLE_OBJC_ARC = YES;
				CLANG_WARN_BLOCK_CAPTURE_AUTORELEASING = YES;
				CLANG_WARN_BOOL_CONVERSION = YES;
				CLANG_WARN_COMMA = YES;
				CLANG_WARN_CONSTANT_CONVERSION = YES;
				CLANG_WARN_DIRECT_OBJC_ISA_USAGE = YES_ERROR;
				CLANG_WARN_DOCUMENTATION_COMMENTS = YES;
				CLANG_WARN_EMPTY_BODY = YES;
				CLANG_WARN_ENUM_CONVERSION = YES;
				CLANG_WARN_INFINITE_RECURSION = YES;
				CLANG_WARN_INT_CONVERSION = YES;
				CLANG_WARN_NON_LITERAL_NULL_CONVERSION = YES;
				CLANG_WARN_OBJC_LITERAL_CONVERSION = YES;
				CLANG_WARN_OBJC_ROOT_CLASS = YES_ERROR;
				CLANG_WARN_RANGE_LOOP_ANALYSIS = YES;
				CLANG_WARN_STRICT_PROTOTYPES = YES;
				CLANG_WARN_SUSPICIOUS_MOVE = YES;
				CLANG_WARN_UNGUARDED_AVAILABILITY = YES_AGGRESSIVE;
				CLANG_WARN_UNREACHABLE_CODE = YES;
				CLANG_WARN__DUPLICATE_METHOD_MATCH = YES;
				CODE_SIGN_IDENTITY = "-";
				COPY_PHASE_STRIP = NO;
				DEBUG_INFORMATION_FORMAT = "dwarf-with-dsym";
				ENABLE_NS_ASSERTIONS = NO;
				ENABLE_STRICT_OBJC_MSGSEND = YES;
				GCC_C_LANGUAGE_STANDARD = gnu11;
				GCC_NO_COMMON_BLOCKS = YES;
				GCC_PREPROCESSOR_DEFINITIONS = "SANDBOX=1";
				GCC_WARN_64_TO_32_BIT_CONVERSION = YES;
				GCC_WARN_ABOUT_RETURN_TYPE = YES_ERROR;
				GCC_WARN_UNDECLARED_SELECTOR = YES;
				GCC_WARN_UNINITIALIZED_AUTOS = YES_AGGRESSIVE;
				GCC_WARN_UNUSED_FUNCTION = YES;
				GCC_WARN_UNUSED_VARIABLE = YES;
				MACOSX_DEPLOYMENT_TARGET = 10.9;
				MTL_ENABLE_DEBUG_INFO = NO;
				SDKROOT = macosx;
			};
			name = Release;
		};
		B9CE4B8B20209CB0007F3BF0 /* Debug */ = {
			isa = XCBuildConfiguration;
			buildSettings = {
				CODE_SIGN_ENTITLEMENTS = CrashHelper.entitlements;
				CODE_SIGN_IDENTITY = "Mac Developer";
				CODE_SIGN_STYLE = Automatic;
				COMBINE_HIDPI_IMAGES = YES;
				DEVELOPMENT_TEAM = 9D78DG5ACV;
				INFOPLIST_FILE = "$(SRCROOT)/CrashHelper-Info.plist";
				LD_RUNPATH_SEARCH_PATHS = "$(inherited) @executable_path/../Frameworks";
				PRODUCT_BUNDLE_IDENTIFIER = com.corecode.CrashHelper;
				PRODUCT_NAME = "$(TARGET_NAME)";
				PROVISIONING_PROFILE_SPECIFIER = "";
			};
			name = Debug;
		};
		B9CE4B8C20209CB0007F3BF0 /* Release */ = {
			isa = XCBuildConfiguration;
			buildSettings = {
				CODE_SIGN_ENTITLEMENTS = CrashHelper.entitlements;
				CODE_SIGN_IDENTITY = "Mac Developer";
				CODE_SIGN_STYLE = Automatic;
				COMBINE_HIDPI_IMAGES = YES;
				DEVELOPMENT_TEAM = 9D78DG5ACV;
				INFOPLIST_FILE = "$(SRCROOT)/CrashHelper-Info.plist";
				LD_RUNPATH_SEARCH_PATHS = "$(inherited) @executable_path/../Frameworks";
				PRODUCT_BUNDLE_IDENTIFIER = com.corecode.CrashHelper;
				PRODUCT_NAME = "$(TARGET_NAME)";
				PROVISIONING_PROFILE_SPECIFIER = "";
			};
			name = Release;
		};
/* End XCBuildConfiguration section */

/* Begin XCConfigurationList section */
		B9CE4B7420209CB0007F3BF0 /* Build configuration list for PBXProject "CrashHelper" */ = {
			isa = XCConfigurationList;
			buildConfigurations = (
				B9CE4B8820209CB0007F3BF0 /* Debug */,
				B9CE4B8920209CB0007F3BF0 /* Release */,
			);
			defaultConfigurationIsVisible = 0;
			defaultConfigurationName = Release;
		};
		B9CE4B8A20209CB0007F3BF0 /* Build configuration list for PBXNativeTarget "CrashHelper" */ = {
			isa = XCConfigurationList;
			buildConfigurations = (
				B9CE4B8B20209CB0007F3BF0 /* Debug */,
				B9CE4B8C20209CB0007F3BF0 /* Release */,
			);
			defaultConfigurationIsVisible = 0;
			defaultConfigurationName = Release;
		};
/* End XCConfigurationList section */
	};
	rootObject = B9CE4B7120209CB0007F3BF0 /* Project object */;
}
