// !$*UTF8*$!
{
	archiveVersion = 1;
	classes = {
	};
	objectVersion = 46;
	objects = {

/* Begin PBXAggregateTarget section */
		B9EF05DA1865F53600CF7A38 /* CoreLibTests */ = {
			isa = PBXAggregateTarget;
			buildConfigurationList = B9EF05DB1865F53600CF7A38 /* Build configuration list for PBXAggregateTarget "CoreLibTests" */;
			buildPhases = (
			);
			dependencies = (
				B9EF05DF1865F54100CF7A38 /* PBXTargetDependency */,
				B9EF05E51865F54400CF7A38 /* PBXTargetDependency */,
				B9EF05E31865F54300CF7A38 /* PBXTargetDependency */,
				B9EF05E11865F54200CF7A38 /* PBXTargetDependency */,
			);
			name = CoreLibTests;
			productName = CoreLibTests;
		};
/* End PBXAggregateTarget section */

/* Begin PBXBuildFile section */
		B933AB2A18BBDFA1006E42B9 /* AppKit+CoreCode.m in Sources */ = {isa = PBXBuildFile; fileRef = B933AB2018BBDFA1006E42B9 /* AppKit+CoreCode.m */; };
		B933AB2B18BBDFA1006E42B9 /* AppKit+CoreCode.m in Sources */ = {isa = PBXBuildFile; fileRef = B933AB2018BBDFA1006E42B9 /* AppKit+CoreCode.m */; };
		B933AB2C18BBDFA1006E42B9 /* AppKit+CoreCode.m in Sources */ = {isa = PBXBuildFile; fileRef = B933AB2018BBDFA1006E42B9 /* AppKit+CoreCode.m */; };
		B933AB2D18BBDFA1006E42B9 /* AppKit+CoreCode.m in Sources */ = {isa = PBXBuildFile; fileRef = B933AB2018BBDFA1006E42B9 /* AppKit+CoreCode.m */; };
		B933AB2E18BBDFA1006E42B9 /* AppKit+Properties.m in Sources */ = {isa = PBXBuildFile; fileRef = B933AB2218BBDFA1006E42B9 /* AppKit+Properties.m */; };
		B933AB2F18BBDFA1006E42B9 /* AppKit+Properties.m in Sources */ = {isa = PBXBuildFile; fileRef = B933AB2218BBDFA1006E42B9 /* AppKit+Properties.m */; };
		B933AB3018BBDFA1006E42B9 /* AppKit+Properties.m in Sources */ = {isa = PBXBuildFile; fileRef = B933AB2218BBDFA1006E42B9 /* AppKit+Properties.m */; };
		B933AB3118BBDFA1006E42B9 /* AppKit+Properties.m in Sources */ = {isa = PBXBuildFile; fileRef = B933AB2218BBDFA1006E42B9 /* AppKit+Properties.m */; };
		B933AB3218BBDFA1006E42B9 /* CoreLib.m in Sources */ = {isa = PBXBuildFile; fileRef = B933AB2418BBDFA1006E42B9 /* CoreLib.m */; };
		B933AB3318BBDFA1006E42B9 /* CoreLib.m in Sources */ = {isa = PBXBuildFile; fileRef = B933AB2418BBDFA1006E42B9 /* CoreLib.m */; };
		B933AB3418BBDFA1006E42B9 /* CoreLib.m in Sources */ = {isa = PBXBuildFile; fileRef = B933AB2418BBDFA1006E42B9 /* CoreLib.m */; };
		B933AB3518BBDFA1006E42B9 /* CoreLib.m in Sources */ = {isa = PBXBuildFile; fileRef = B933AB2418BBDFA1006E42B9 /* CoreLib.m */; };
		B933AB3618BBDFA1006E42B9 /* Foundation+CoreCode.m in Sources */ = {isa = PBXBuildFile; fileRef = B933AB2618BBDFA1006E42B9 /* Foundation+CoreCode.m */; };
		B933AB3718BBDFA1006E42B9 /* Foundation+CoreCode.m in Sources */ = {isa = PBXBuildFile; fileRef = B933AB2618BBDFA1006E42B9 /* Foundation+CoreCode.m */; };
		B933AB3818BBDFA1006E42B9 /* Foundation+CoreCode.m in Sources */ = {isa = PBXBuildFile; fileRef = B933AB2618BBDFA1006E42B9 /* Foundation+CoreCode.m */; };
		B933AB3918BBDFA1006E42B9 /* Foundation+CoreCode.m in Sources */ = {isa = PBXBuildFile; fileRef = B933AB2618BBDFA1006E42B9 /* Foundation+CoreCode.m */; };
		B933AB3A18BBDFA1006E42B9 /* Foundation+Properties.m in Sources */ = {isa = PBXBuildFile; fileRef = B933AB2918BBDFA1006E42B9 /* Foundation+Properties.m */; };
		B933AB3B18BBDFA1006E42B9 /* Foundation+Properties.m in Sources */ = {isa = PBXBuildFile; fileRef = B933AB2918BBDFA1006E42B9 /* Foundation+Properties.m */; };
		B933AB3C18BBDFA1006E42B9 /* Foundation+Properties.m in Sources */ = {isa = PBXBuildFile; fileRef = B933AB2918BBDFA1006E42B9 /* Foundation+Properties.m */; };
		B933AB3D18BBDFA1006E42B9 /* Foundation+Properties.m in Sources */ = {isa = PBXBuildFile; fileRef = B933AB2918BBDFA1006E42B9 /* Foundation+Properties.m */; };
		B9595DC51933AAF200382738 /* JMClickableImageView.m in Sources */ = {isa = PBXBuildFile; fileRef = B9595DC21933AAF200382738 /* JMClickableImageView.m */; };
		B9595DC61933AAF200382738 /* JMClickableImageView.m in Sources */ = {isa = PBXBuildFile; fileRef = B9595DC21933AAF200382738 /* JMClickableImageView.m */; };
		B9595DC71933AAF200382738 /* JMFontPopUpButton.m in Sources */ = {isa = PBXBuildFile; fileRef = B9595DC41933AAF200382738 /* JMFontPopUpButton.m */; };
		B9595DC81933AAF200382738 /* JMFontPopUpButton.m in Sources */ = {isa = PBXBuildFile; fileRef = B9595DC41933AAF200382738 /* JMFontPopUpButton.m */; };
		B97FDADA1933AA1900A93E6C /* JMSlideshowController.m in Sources */ = {isa = PBXBuildFile; fileRef = B97FDAD91933AA1900A93E6C /* JMSlideshowController.m */; };
		B97FDADB1933AA1900A93E6C /* JMSlideshowController.m in Sources */ = {isa = PBXBuildFile; fileRef = B97FDAD91933AA1900A93E6C /* JMSlideshowController.m */; };
		B9EF05171865D42C00CF7A38 /* XCTest.framework in Frameworks */ = {isa = PBXBuildFile; fileRef = B9EF05161865D42C00CF7A38 /* XCTest.framework */; };
		B9EF05181865D42C00CF7A38 /* Foundation.framework in Frameworks */ = {isa = PBXBuildFile; fileRef = B9EF04FD1865D42C00CF7A38 /* Foundation.framework */; };
		B9EF05191865D42C00CF7A38 /* UIKit.framework in Frameworks */ = {isa = PBXBuildFile; fileRef = B9EF05011865D42C00CF7A38 /* UIKit.framework */; };
		B9EF052D1865D57400CF7A38 /* CoreLibTests.m in Sources */ = {isa = PBXBuildFile; fileRef = B9EF052C1865D57400CF7A38 /* CoreLibTests.m */; };
		B9EF05541865D5A200CF7A38 /* JMActionSheet.m in Sources */ = {isa = PBXBuildFile; fileRef = B9EF05351865D5A200CF7A38 /* JMActionSheet.m */; };
		B9EF05551865D5A200CF7A38 /* JMAlertView.m in Sources */ = {isa = PBXBuildFile; fileRef = B9EF05371865D5A200CF7A38 /* JMAlertView.m */; };
		B9EF05561865D5A200CF7A38 /* JMChoiceController.m in Sources */ = {isa = PBXBuildFile; fileRef = B9EF05391865D5A200CF7A38 /* JMChoiceController.m */; };
		B9EF05571865D5A200CF7A38 /* JMPopoverController.m in Sources */ = {isa = PBXBuildFile; fileRef = B9EF053B1865D5A200CF7A38 /* JMPopoverController.m */; };
		B9EF05581865D5A200CF7A38 /* JMWebViewController.m in Sources */ = {isa = PBXBuildFile; fileRef = B9EF053D1865D5A200CF7A38 /* JMWebViewController.m */; };
		B9EF05691865F18300CF7A38 /* JMPopoverController.m in Sources */ = {isa = PBXBuildFile; fileRef = B9EF053B1865D5A200CF7A38 /* JMPopoverController.m */; };
		B9EF056B1865F18300CF7A38 /* JMActionSheet.m in Sources */ = {isa = PBXBuildFile; fileRef = B9EF05351865D5A200CF7A38 /* JMActionSheet.m */; };
		B9EF05721865F18300CF7A38 /* JMWebViewController.m in Sources */ = {isa = PBXBuildFile; fileRef = B9EF053D1865D5A200CF7A38 /* JMWebViewController.m */; };
		B9EF05731865F18300CF7A38 /* CoreLibTests.m in Sources */ = {isa = PBXBuildFile; fileRef = B9EF052C1865D57400CF7A38 /* CoreLibTests.m */; };
		B9EF05741865F18300CF7A38 /* JMAlertView.m in Sources */ = {isa = PBXBuildFile; fileRef = B9EF05371865D5A200CF7A38 /* JMAlertView.m */; };
		B9EF05771865F18300CF7A38 /* JMChoiceController.m in Sources */ = {isa = PBXBuildFile; fileRef = B9EF05391865D5A200CF7A38 /* JMChoiceController.m */; };
		B9EF05791865F18300CF7A38 /* XCTest.framework in Frameworks */ = {isa = PBXBuildFile; fileRef = B9EF05161865D42C00CF7A38 /* XCTest.framework */; };
		B9EF057A1865F18300CF7A38 /* UIKit.framework in Frameworks */ = {isa = PBXBuildFile; fileRef = B9EF05011865D42C00CF7A38 /* UIKit.framework */; };
		B9EF057B1865F18300CF7A38 /* Foundation.framework in Frameworks */ = {isa = PBXBuildFile; fileRef = B9EF04FD1865D42C00CF7A38 /* Foundation.framework */; };
		B9EF05901865F20900CF7A38 /* CoreLibTests.m in Sources */ = {isa = PBXBuildFile; fileRef = B9EF052C1865D57400CF7A38 /* CoreLibTests.m */; };
		B9EF05961865F20900CF7A38 /* XCTest.framework in Frameworks */ = {isa = PBXBuildFile; fileRef = B9EF05161865D42C00CF7A38 /* XCTest.framework */; };
		B9EF05981865F20900CF7A38 /* Foundation.framework in Frameworks */ = {isa = PBXBuildFile; fileRef = B9EF04FD1865D42C00CF7A38 /* Foundation.framework */; };
		B9EF05AF1865F24800CF7A38 /* JMAppMovedHandler.m in Sources */ = {isa = PBXBuildFile; fileRef = B9EF05A01865F24800CF7A38 /* JMAppMovedHandler.m */; };
		B9EF05B01865F24800CF7A38 /* JMCorrectTimer.m in Sources */ = {isa = PBXBuildFile; fileRef = B9EF05A21865F24800CF7A38 /* JMCorrectTimer.m */; };
		B9EF05B11865F24800CF7A38 /* JMDocklessApplication.m in Sources */ = {isa = PBXBuildFile; fileRef = B9EF05A41865F24800CF7A38 /* JMDocklessApplication.m */; };
		B9EF05B21865F24800CF7A38 /* JMEmailSender.m in Sources */ = {isa = PBXBuildFile; fileRef = B9EF05A61865F24800CF7A38 /* JMEmailSender.m */; };
		B9EF05B31865F24800CF7A38 /* JMHostInformation.m in Sources */ = {isa = PBXBuildFile; fileRef = B9EF05A81865F24800CF7A38 /* JMHostInformation.m */; };
		B9EF05B41865F24800CF7A38 /* JMLoginItemManager.m in Sources */ = {isa = PBXBuildFile; fileRef = B9EF05AA1865F24800CF7A38 /* JMLoginItemManager.m */; };
		B9EF05B51865F24800CF7A38 /* JMVisibilityManager.m in Sources */ = {isa = PBXBuildFile; fileRef = B9EF05AC1865F24800CF7A38 /* JMVisibilityManager.m */; };
		B9EF05B81865F33F00CF7A38 /* Cocoa.framework in Frameworks */ = {isa = PBXBuildFile; fileRef = B9EF05B71865F33F00CF7A38 /* Cocoa.framework */; };
		B9EF05BD1865F4A000CF7A38 /* JMAppMovedHandler.m in Sources */ = {isa = PBXBuildFile; fileRef = B9EF05A01865F24800CF7A38 /* JMAppMovedHandler.m */; };
		B9EF05BF1865F4A000CF7A38 /* JMEmailSender.m in Sources */ = {isa = PBXBuildFile; fileRef = B9EF05A61865F24800CF7A38 /* JMEmailSender.m */; };
		B9EF05C21865F4A000CF7A38 /* JMHostInformation.m in Sources */ = {isa = PBXBuildFile; fileRef = B9EF05A81865F24800CF7A38 /* JMHostInformation.m */; };
		B9EF05C31865F4A000CF7A38 /* JMDocklessApplication.m in Sources */ = {isa = PBXBuildFile; fileRef = B9EF05A41865F24800CF7A38 /* JMDocklessApplication.m */; };
		B9EF05C41865F4A000CF7A38 /* JMCorrectTimer.m in Sources */ = {isa = PBXBuildFile; fileRef = B9EF05A21865F24800CF7A38 /* JMCorrectTimer.m */; };
		B9EF05C51865F4A000CF7A38 /* JMLoginItemManager.m in Sources */ = {isa = PBXBuildFile; fileRef = B9EF05AA1865F24800CF7A38 /* JMLoginItemManager.m */; };
		B9EF05C91865F4A000CF7A38 /* JMVisibilityManager.m in Sources */ = {isa = PBXBuildFile; fileRef = B9EF05AC1865F24800CF7A38 /* JMVisibilityManager.m */; };
		B9EF05CE1865F4A000CF7A38 /* CoreLibTests.m in Sources */ = {isa = PBXBuildFile; fileRef = B9EF052C1865D57400CF7A38 /* CoreLibTests.m */; };
		B9EF05D21865F4A000CF7A38 /* Cocoa.framework in Frameworks */ = {isa = PBXBuildFile; fileRef = B9EF05B71865F33F00CF7A38 /* Cocoa.framework */; };
		B9EF05D31865F4A000CF7A38 /* XCTest.framework in Frameworks */ = {isa = PBXBuildFile; fileRef = B9EF05161865D42C00CF7A38 /* XCTest.framework */; };
		B9EF05D41865F4A000CF7A38 /* Foundation.framework in Frameworks */ = {isa = PBXBuildFile; fileRef = B9EF04FD1865D42C00CF7A38 /* Foundation.framework */; };
/* End PBXBuildFile section */

/* Begin PBXContainerItemProxy section */
		B9EF05DE1865F54100CF7A38 /* PBXContainerItemProxy */ = {
			isa = PBXContainerItemProxy;
			containerPortal = B9EF04F21865D42C00CF7A38 /* Project object */;
			proxyType = 1;
			remoteGlobalIDString = B9EF05BB1865F4A000CF7A38;
			remoteInfo = "CoreLibTests Mac ARC";
		};
		B9EF05E01865F54200CF7A38 /* PBXContainerItemProxy */ = {
			isa = PBXContainerItemProxy;
			containerPortal = B9EF04F21865D42C00CF7A38 /* Project object */;
			proxyType = 1;
			remoteGlobalIDString = B9EF05811865F20900CF7A38;
			remoteInfo = "CoreLibTests Mac RR";
		};
		B9EF05E21865F54300CF7A38 /* PBXContainerItemProxy */ = {
			isa = PBXContainerItemProxy;
			containerPortal = B9EF04F21865D42C00CF7A38 /* Project object */;
			proxyType = 1;
			remoteGlobalIDString = B9EF05641865F18300CF7A38;
			remoteInfo = "CoreLibTests iOS RR";
		};
		B9EF05E41865F54400CF7A38 /* PBXContainerItemProxy */ = {
			isa = PBXContainerItemProxy;
			containerPortal = B9EF04F21865D42C00CF7A38 /* Project object */;
			proxyType = 1;
			remoteGlobalIDString = B9EF05141865D42C00CF7A38;
			remoteInfo = "CoreLibTests iOS ARC";
		};
/* End PBXContainerItemProxy section */

/* Begin PBXFileReference section */
		B9293016193D29B800C94914 /* CoreLib_Availability.h */ = {isa = PBXFileReference; fileEncoding = 4; lastKnownFileType = sourcecode.c.h; path = CoreLib_Availability.h; sourceTree = "<group>"; };
		B933AB1F18BBDFA1006E42B9 /* AppKit+CoreCode.h */ = {isa = PBXFileReference; fileEncoding = 4; lastKnownFileType = sourcecode.c.h; path = "AppKit+CoreCode.h"; sourceTree = "<group>"; };
		B933AB2018BBDFA1006E42B9 /* AppKit+CoreCode.m */ = {isa = PBXFileReference; fileEncoding = 4; lastKnownFileType = sourcecode.c.objc; path = "AppKit+CoreCode.m"; sourceTree = "<group>"; };
		B933AB2118BBDFA1006E42B9 /* AppKit+Properties.h */ = {isa = PBXFileReference; fileEncoding = 4; lastKnownFileType = sourcecode.c.h; path = "AppKit+Properties.h"; sourceTree = "<group>"; };
		B933AB2218BBDFA1006E42B9 /* AppKit+Properties.m */ = {isa = PBXFileReference; fileEncoding = 4; lastKnownFileType = sourcecode.c.objc; path = "AppKit+Properties.m"; sourceTree = "<group>"; };
		B933AB2318BBDFA1006E42B9 /* CoreLib.h */ = {isa = PBXFileReference; fileEncoding = 4; lastKnownFileType = sourcecode.c.h; path = CoreLib.h; sourceTree = "<group>"; };
		B933AB2418BBDFA1006E42B9 /* CoreLib.m */ = {isa = PBXFileReference; fileEncoding = 4; lastKnownFileType = sourcecode.c.objc; path = CoreLib.m; sourceTree = "<group>"; };
		B933AB2518BBDFA1006E42B9 /* Foundation+CoreCode.h */ = {isa = PBXFileReference; fileEncoding = 4; lastKnownFileType = sourcecode.c.h; path = "Foundation+CoreCode.h"; sourceTree = "<group>"; };
		B933AB2618BBDFA1006E42B9 /* Foundation+CoreCode.m */ = {isa = PBXFileReference; fileEncoding = 4; lastKnownFileType = sourcecode.c.objc; path = "Foundation+CoreCode.m"; sourceTree = "<group>"; };
		B933AB2718BBDFA1006E42B9 /* Foundation+Indexing.h */ = {isa = PBXFileReference; fileEncoding = 4; lastKnownFileType = sourcecode.c.h; path = "Foundation+Indexing.h"; sourceTree = "<group>"; };
		B933AB2818BBDFA1006E42B9 /* Foundation+Properties.h */ = {isa = PBXFileReference; fileEncoding = 4; lastKnownFileType = sourcecode.c.h; path = "Foundation+Properties.h"; sourceTree = "<group>"; };
		B933AB2918BBDFA1006E42B9 /* Foundation+Properties.m */ = {isa = PBXFileReference; fileEncoding = 4; lastKnownFileType = sourcecode.c.objc; path = "Foundation+Properties.m"; sourceTree = "<group>"; };
		B947149C193D2CD4000408A0 /* CoreLib_Availability.h */ = {isa = PBXFileReference; lastKnownFileType = sourcecode.c.h; path = CoreLib_Availability.h; sourceTree = "<group>"; };
		B9595DC11933AAF200382738 /* JMClickableImageView.h */ = {isa = PBXFileReference; fileEncoding = 4; lastKnownFileType = sourcecode.c.h; path = JMClickableImageView.h; sourceTree = "<group>"; };
		B9595DC21933AAF200382738 /* JMClickableImageView.m */ = {isa = PBXFileReference; fileEncoding = 4; lastKnownFileType = sourcecode.c.objc; path = JMClickableImageView.m; sourceTree = "<group>"; };
		B9595DC31933AAF200382738 /* JMFontPopUpButton.h */ = {isa = PBXFileReference; fileEncoding = 4; lastKnownFileType = sourcecode.c.h; path = JMFontPopUpButton.h; sourceTree = "<group>"; };
		B9595DC41933AAF200382738 /* JMFontPopUpButton.m */ = {isa = PBXFileReference; fileEncoding = 4; lastKnownFileType = sourcecode.c.objc; path = JMFontPopUpButton.m; sourceTree = "<group>"; };
		B97FDAD81933AA1900A93E6C /* JMSlideshowController.h */ = {isa = PBXFileReference; fileEncoding = 4; lastKnownFileType = sourcecode.c.h; path = JMSlideshowController.h; sourceTree = "<group>"; };
		B97FDAD91933AA1900A93E6C /* JMSlideshowController.m */ = {isa = PBXFileReference; fileEncoding = 4; lastKnownFileType = sourcecode.c.objc; path = JMSlideshowController.m; sourceTree = "<group>"; };
		B9EF04FD1865D42C00CF7A38 /* Foundation.framework */ = {isa = PBXFileReference; lastKnownFileType = wrapper.framework; name = Foundation.framework; path = System/Library/Frameworks/Foundation.framework; sourceTree = SDKROOT; };
		B9EF04FF1865D42C00CF7A38 /* CoreGraphics.framework */ = {isa = PBXFileReference; lastKnownFileType = wrapper.framework; name = CoreGraphics.framework; path = System/Library/Frameworks/CoreGraphics.framework; sourceTree = SDKROOT; };
		B9EF05011865D42C00CF7A38 /* UIKit.framework */ = {isa = PBXFileReference; lastKnownFileType = wrapper.framework; name = UIKit.framework; path = System/Library/Frameworks/UIKit.framework; sourceTree = SDKROOT; };
		B9EF05151865D42C00CF7A38 /* CoreLibTests iOS ARC.xctest */ = {isa = PBXFileReference; explicitFileType = wrapper.cfbundle; includeInIndex = 0; path = "CoreLibTests iOS ARC.xctest"; sourceTree = BUILT_PRODUCTS_DIR; };
		B9EF05161865D42C00CF7A38 /* XCTest.framework */ = {isa = PBXFileReference; lastKnownFileType = wrapper.framework; name = XCTest.framework; path = Library/Frameworks/XCTest.framework; sourceTree = DEVELOPER_DIR; };
		B9EF052C1865D57400CF7A38 /* CoreLibTests.m */ = {isa = PBXFileReference; fileEncoding = 4; lastKnownFileType = sourcecode.c.objc; name = CoreLibTests.m; path = Tests/CoreLibTests.m; sourceTree = "<group>"; };
		B9EF05341865D5A200CF7A38 /* JMActionSheet.h */ = {isa = PBXFileReference; fileEncoding = 4; lastKnownFileType = sourcecode.c.h; path = JMActionSheet.h; sourceTree = "<group>"; };
		B9EF05351865D5A200CF7A38 /* JMActionSheet.m */ = {isa = PBXFileReference; fileEncoding = 4; lastKnownFileType = sourcecode.c.objc; path = JMActionSheet.m; sourceTree = "<group>"; };
		B9EF05361865D5A200CF7A38 /* JMAlertView.h */ = {isa = PBXFileReference; fileEncoding = 4; lastKnownFileType = sourcecode.c.h; path = JMAlertView.h; sourceTree = "<group>"; };
		B9EF05371865D5A200CF7A38 /* JMAlertView.m */ = {isa = PBXFileReference; fileEncoding = 4; lastKnownFileType = sourcecode.c.objc; path = JMAlertView.m; sourceTree = "<group>"; };
		B9EF05381865D5A200CF7A38 /* JMChoiceController.h */ = {isa = PBXFileReference; fileEncoding = 4; lastKnownFileType = sourcecode.c.h; path = JMChoiceController.h; sourceTree = "<group>"; };
		B9EF05391865D5A200CF7A38 /* JMChoiceController.m */ = {isa = PBXFileReference; fileEncoding = 4; lastKnownFileType = sourcecode.c.objc; path = JMChoiceController.m; sourceTree = "<group>"; };
		B9EF053A1865D5A200CF7A38 /* JMPopoverController.h */ = {isa = PBXFileReference; fileEncoding = 4; lastKnownFileType = sourcecode.c.h; path = JMPopoverController.h; sourceTree = "<group>"; };
		B9EF053B1865D5A200CF7A38 /* JMPopoverController.m */ = {isa = PBXFileReference; fileEncoding = 4; lastKnownFileType = sourcecode.c.objc; path = JMPopoverController.m; sourceTree = "<group>"; };
		B9EF053C1865D5A200CF7A38 /* JMWebViewController.h */ = {isa = PBXFileReference; fileEncoding = 4; lastKnownFileType = sourcecode.c.h; path = JMWebViewController.h; sourceTree = "<group>"; };
		B9EF053D1865D5A200CF7A38 /* JMWebViewController.m */ = {isa = PBXFileReference; fileEncoding = 4; lastKnownFileType = sourcecode.c.objc; path = JMWebViewController.m; sourceTree = "<group>"; };
		B9EF05631865EEF600CF7A38 /* CoreLibTests.h */ = {isa = PBXFileReference; lastKnownFileType = sourcecode.c.h; name = CoreLibTests.h; path = Tests/CoreLibTests.h; sourceTree = "<group>"; };
		B9EF05801865F18300CF7A38 /* CoreLibTests iOS RR.xctest */ = {isa = PBXFileReference; explicitFileType = wrapper.cfbundle; includeInIndex = 0; path = "CoreLibTests iOS RR.xctest"; sourceTree = BUILT_PRODUCTS_DIR; };
		B9EF059D1865F20900CF7A38 /* CoreLibTests Mac RR.xctest */ = {isa = PBXFileReference; explicitFileType = wrapper.cfbundle; includeInIndex = 0; path = "CoreLibTests Mac RR.xctest"; sourceTree = BUILT_PRODUCTS_DIR; };
		B9EF059F1865F24800CF7A38 /* JMAppMovedHandler.h */ = {isa = PBXFileReference; fileEncoding = 4; lastKnownFileType = sourcecode.c.h; path = JMAppMovedHandler.h; sourceTree = "<group>"; };
		B9EF05A01865F24800CF7A38 /* JMAppMovedHandler.m */ = {isa = PBXFileReference; fileEncoding = 4; lastKnownFileType = sourcecode.c.objc; path = JMAppMovedHandler.m; sourceTree = "<group>"; };
		B9EF05A11865F24800CF7A38 /* JMCorrectTimer.h */ = {isa = PBXFileReference; fileEncoding = 4; lastKnownFileType = sourcecode.c.h; path = JMCorrectTimer.h; sourceTree = "<group>"; };
		B9EF05A21865F24800CF7A38 /* JMCorrectTimer.m */ = {isa = PBXFileReference; fileEncoding = 4; lastKnownFileType = sourcecode.c.objc; path = JMCorrectTimer.m; sourceTree = "<group>"; };
		B9EF05A31865F24800CF7A38 /* JMDocklessApplication.h */ = {isa = PBXFileReference; fileEncoding = 4; lastKnownFileType = sourcecode.c.h; path = JMDocklessApplication.h; sourceTree = "<group>"; };
		B9EF05A41865F24800CF7A38 /* JMDocklessApplication.m */ = {isa = PBXFileReference; fileEncoding = 4; lastKnownFileType = sourcecode.c.objc; path = JMDocklessApplication.m; sourceTree = "<group>"; };
		B9EF05A51865F24800CF7A38 /* JMEmailSender.h */ = {isa = PBXFileReference; fileEncoding = 4; lastKnownFileType = sourcecode.c.h; path = JMEmailSender.h; sourceTree = "<group>"; };
		B9EF05A61865F24800CF7A38 /* JMEmailSender.m */ = {isa = PBXFileReference; fileEncoding = 4; lastKnownFileType = sourcecode.c.objc; path = JMEmailSender.m; sourceTree = "<group>"; };
		B9EF05A71865F24800CF7A38 /* JMHostInformation.h */ = {isa = PBXFileReference; fileEncoding = 4; lastKnownFileType = sourcecode.c.h; path = JMHostInformation.h; sourceTree = "<group>"; };
		B9EF05A81865F24800CF7A38 /* JMHostInformation.m */ = {isa = PBXFileReference; fileEncoding = 4; lastKnownFileType = sourcecode.c.objc; path = JMHostInformation.m; sourceTree = "<group>"; };
		B9EF05A91865F24800CF7A38 /* JMLoginItemManager.h */ = {isa = PBXFileReference; fileEncoding = 4; lastKnownFileType = sourcecode.c.h; path = JMLoginItemManager.h; sourceTree = "<group>"; };
		B9EF05AA1865F24800CF7A38 /* JMLoginItemManager.m */ = {isa = PBXFileReference; fileEncoding = 4; lastKnownFileType = sourcecode.c.objc; path = JMLoginItemManager.m; sourceTree = "<group>"; };
		B9EF05AB1865F24800CF7A38 /* JMVisibilityManager.h */ = {isa = PBXFileReference; fileEncoding = 4; lastKnownFileType = sourcecode.c.h; path = JMVisibilityManager.h; sourceTree = "<group>"; };
		B9EF05AC1865F24800CF7A38 /* JMVisibilityManager.m */ = {isa = PBXFileReference; fileEncoding = 4; lastKnownFileType = sourcecode.c.objc; path = JMVisibilityManager.m; sourceTree = "<group>"; };
		B9EF05B71865F33F00CF7A38 /* Cocoa.framework */ = {isa = PBXFileReference; lastKnownFileType = wrapper.framework; name = Cocoa.framework; path = Platforms/MacOSX.platform/Developer/SDKs/MacOSX10.9.sdk/System/Library/Frameworks/Cocoa.framework; sourceTree = DEVELOPER_DIR; };
		B9EF05D91865F4A000CF7A38 /* CoreLibTests Mac ARC.xctest */ = {isa = PBXFileReference; explicitFileType = wrapper.cfbundle; includeInIndex = 0; path = "CoreLibTests Mac ARC.xctest"; sourceTree = BUILT_PRODUCTS_DIR; };
/* End PBXFileReference section */

/* Begin PBXFrameworksBuildPhase section */
		B9EF05121865D42C00CF7A38 /* Frameworks */ = {
			isa = PBXFrameworksBuildPhase;
			buildActionMask = 2147483647;
			files = (
				B9EF05171865D42C00CF7A38 /* XCTest.framework in Frameworks */,
				B9EF05191865D42C00CF7A38 /* UIKit.framework in Frameworks */,
				B9EF05181865D42C00CF7A38 /* Foundation.framework in Frameworks */,
			);
			runOnlyForDeploymentPostprocessing = 0;
		};
		B9EF05781865F18300CF7A38 /* Frameworks */ = {
			isa = PBXFrameworksBuildPhase;
			buildActionMask = 2147483647;
			files = (
				B9EF05791865F18300CF7A38 /* XCTest.framework in Frameworks */,
				B9EF057A1865F18300CF7A38 /* UIKit.framework in Frameworks */,
				B9EF057B1865F18300CF7A38 /* Foundation.framework in Frameworks */,
			);
			runOnlyForDeploymentPostprocessing = 0;
		};
		B9EF05951865F20900CF7A38 /* Frameworks */ = {
			isa = PBXFrameworksBuildPhase;
			buildActionMask = 2147483647;
			files = (
				B9EF05B81865F33F00CF7A38 /* Cocoa.framework in Frameworks */,
				B9EF05961865F20900CF7A38 /* XCTest.framework in Frameworks */,
				B9EF05981865F20900CF7A38 /* Foundation.framework in Frameworks */,
			);
			runOnlyForDeploymentPostprocessing = 0;
		};
		B9EF05D11865F4A000CF7A38 /* Frameworks */ = {
			isa = PBXFrameworksBuildPhase;
			buildActionMask = 2147483647;
			files = (
				B9EF05D21865F4A000CF7A38 /* Cocoa.framework in Frameworks */,
				B9EF05D31865F4A000CF7A38 /* XCTest.framework in Frameworks */,
				B9EF05D41865F4A000CF7A38 /* Foundation.framework in Frameworks */,
			);
			runOnlyForDeploymentPostprocessing = 0;
		};
/* End PBXFrameworksBuildPhase section */

/* Begin PBXGroup section */
		B933AB1E18BBDFA1006E42B9 /* CoreLib */ = {
			isa = PBXGroup;
			children = (
				B947149C193D2CD4000408A0 /* CoreLib_Availability.h */,
				B933AB1F18BBDFA1006E42B9 /* AppKit+CoreCode.h */,
				B933AB2018BBDFA1006E42B9 /* AppKit+CoreCode.m */,
				B933AB2118BBDFA1006E42B9 /* AppKit+Properties.h */,
				B933AB2218BBDFA1006E42B9 /* AppKit+Properties.m */,
				B9293016193D29B800C94914 /* CoreLib_Availability.h */,
				B933AB2318BBDFA1006E42B9 /* CoreLib.h */,
				B933AB2418BBDFA1006E42B9 /* CoreLib.m */,
				B933AB2518BBDFA1006E42B9 /* Foundation+CoreCode.h */,
				B933AB2618BBDFA1006E42B9 /* Foundation+CoreCode.m */,
				B933AB2718BBDFA1006E42B9 /* Foundation+Indexing.h */,
				B933AB2818BBDFA1006E42B9 /* Foundation+Properties.h */,
				B933AB2918BBDFA1006E42B9 /* Foundation+Properties.m */,
			);
			path = CoreLib;
			sourceTree = "<group>";
		};
		B9EF04F11865D42C00CF7A38 = {
			isa = PBXGroup;
			children = (
				B9EF05631865EEF600CF7A38 /* CoreLibTests.h */,
				B9EF052C1865D57400CF7A38 /* CoreLibTests.m */,
				B9EF059E1865F24800CF7A38 /* Mac */,
				B9EF05301865D5A200CF7A38 /* iOS */,
				B933AB1E18BBDFA1006E42B9 /* CoreLib */,
				B9EF04FC1865D42C00CF7A38 /* Frameworks */,
				B9EF04FB1865D42C00CF7A38 /* Products */,
			);
			sourceTree = "<group>";
		};
		B9EF04FB1865D42C00CF7A38 /* Products */ = {
			isa = PBXGroup;
			children = (
				B9EF05151865D42C00CF7A38 /* CoreLibTests iOS ARC.xctest */,
				B9EF05801865F18300CF7A38 /* CoreLibTests iOS RR.xctest */,
				B9EF059D1865F20900CF7A38 /* CoreLibTests Mac RR.xctest */,
				B9EF05D91865F4A000CF7A38 /* CoreLibTests Mac ARC.xctest */,
			);
			name = Products;
			sourceTree = "<group>";
		};
		B9EF04FC1865D42C00CF7A38 /* Frameworks */ = {
			isa = PBXGroup;
			children = (
				B9EF05B71865F33F00CF7A38 /* Cocoa.framework */,
				B9EF04FD1865D42C00CF7A38 /* Foundation.framework */,
				B9EF04FF1865D42C00CF7A38 /* CoreGraphics.framework */,
				B9EF05011865D42C00CF7A38 /* UIKit.framework */,
				B9EF05161865D42C00CF7A38 /* XCTest.framework */,
			);
			name = Frameworks;
			sourceTree = "<group>";
		};
		B9EF05301865D5A200CF7A38 /* iOS */ = {
			isa = PBXGroup;
			children = (
				B9EF05341865D5A200CF7A38 /* JMActionSheet.h */,
				B9EF05351865D5A200CF7A38 /* JMActionSheet.m */,
				B9EF05361865D5A200CF7A38 /* JMAlertView.h */,
				B9EF05371865D5A200CF7A38 /* JMAlertView.m */,
				B9EF05381865D5A200CF7A38 /* JMChoiceController.h */,
				B9EF05391865D5A200CF7A38 /* JMChoiceController.m */,
				B9EF053A1865D5A200CF7A38 /* JMPopoverController.h */,
				B9EF053B1865D5A200CF7A38 /* JMPopoverController.m */,
				B97FDAD81933AA1900A93E6C /* JMSlideshowController.h */,
				B97FDAD91933AA1900A93E6C /* JMSlideshowController.m */,
				B9EF053C1865D5A200CF7A38 /* JMWebViewController.h */,
				B9EF053D1865D5A200CF7A38 /* JMWebViewController.m */,
			);
			path = iOS;
			sourceTree = "<group>";
		};
		B9EF059E1865F24800CF7A38 /* Mac */ = {
			isa = PBXGroup;
			children = (
				B9EF059F1865F24800CF7A38 /* JMAppMovedHandler.h */,
				B9EF05A01865F24800CF7A38 /* JMAppMovedHandler.m */,
				B9EF05A11865F24800CF7A38 /* JMCorrectTimer.h */,
				B9EF05A21865F24800CF7A38 /* JMCorrectTimer.m */,
				B9EF05A31865F24800CF7A38 /* JMDocklessApplication.h */,
				B9EF05A41865F24800CF7A38 /* JMDocklessApplication.m */,
				B9EF05A51865F24800CF7A38 /* JMEmailSender.h */,
				B9EF05A61865F24800CF7A38 /* JMEmailSender.m */,
				B9EF05A71865F24800CF7A38 /* JMHostInformation.h */,
				B9EF05A81865F24800CF7A38 /* JMHostInformation.m */,
				B9EF05A91865F24800CF7A38 /* JMLoginItemManager.h */,
				B9EF05AA1865F24800CF7A38 /* JMLoginItemManager.m */,
				B9EF05AB1865F24800CF7A38 /* JMVisibilityManager.h */,
				B9EF05AC1865F24800CF7A38 /* JMVisibilityManager.m */,
				B9595DC11933AAF200382738 /* JMClickableImageView.h */,
				B9595DC21933AAF200382738 /* JMClickableImageView.m */,
				B9595DC31933AAF200382738 /* JMFontPopUpButton.h */,
				B9595DC41933AAF200382738 /* JMFontPopUpButton.m */,
			);
			path = Mac;
			sourceTree = "<group>";
		};
/* End PBXGroup section */

/* Begin PBXNativeTarget section */
		B9EF05141865D42C00CF7A38 /* CoreLibTests iOS ARC */ = {
			isa = PBXNativeTarget;
			buildConfigurationList = B9EF05291865D42C00CF7A38 /* Build configuration list for PBXNativeTarget "CoreLibTests iOS ARC" */;
			buildPhases = (
				B9EF05111865D42C00CF7A38 /* Sources */,
				B9EF05121865D42C00CF7A38 /* Frameworks */,
				B9EF05131865D42C00CF7A38 /* Resources */,
			);
			buildRules = (
			);
			dependencies = (
			);
			name = "CoreLibTests iOS ARC";
			productName = CoreLibTests;
			productReference = B9EF05151865D42C00CF7A38 /* CoreLibTests iOS ARC.xctest */;
			productType = "com.apple.product-type.bundle.unit-test";
		};
		B9EF05641865F18300CF7A38 /* CoreLibTests iOS RR */ = {
			isa = PBXNativeTarget;
			buildConfigurationList = B9EF057D1865F18300CF7A38 /* Build configuration list for PBXNativeTarget "CoreLibTests iOS RR" */;
			buildPhases = (
				B9EF05651865F18300CF7A38 /* Sources */,
				B9EF05781865F18300CF7A38 /* Frameworks */,
				B9EF057C1865F18300CF7A38 /* Resources */,
			);
			buildRules = (
			);
			dependencies = (
			);
			name = "CoreLibTests iOS RR";
			productName = CoreLibTests;
			productReference = B9EF05801865F18300CF7A38 /* CoreLibTests iOS RR.xctest */;
			productType = "com.apple.product-type.bundle.unit-test";
		};
		B9EF05811865F20900CF7A38 /* CoreLibTests Mac RR */ = {
			isa = PBXNativeTarget;
			buildConfigurationList = B9EF059A1865F20900CF7A38 /* Build configuration list for PBXNativeTarget "CoreLibTests Mac RR" */;
			buildPhases = (
				B9EF05821865F20900CF7A38 /* Sources */,
				B9EF05951865F20900CF7A38 /* Frameworks */,
				B9EF05991865F20900CF7A38 /* Resources */,
			);
			buildRules = (
			);
			dependencies = (
			);
			name = "CoreLibTests Mac RR";
			productName = CoreLibTests;
			productReference = B9EF059D1865F20900CF7A38 /* CoreLibTests Mac RR.xctest */;
			productType = "com.apple.product-type.bundle.unit-test";
		};
		B9EF05BB1865F4A000CF7A38 /* CoreLibTests Mac ARC */ = {
			isa = PBXNativeTarget;
			buildConfigurationList = B9EF05D61865F4A000CF7A38 /* Build configuration list for PBXNativeTarget "CoreLibTests Mac ARC" */;
			buildPhases = (
				B9EF05BC1865F4A000CF7A38 /* Sources */,
				B9EF05D11865F4A000CF7A38 /* Frameworks */,
				B9EF05D51865F4A000CF7A38 /* Resources */,
			);
			buildRules = (
			);
			dependencies = (
			);
			name = "CoreLibTests Mac ARC";
			productName = CoreLibTests;
			productReference = B9EF05D91865F4A000CF7A38 /* CoreLibTests Mac ARC.xctest */;
			productType = "com.apple.product-type.bundle.unit-test";
		};
/* End PBXNativeTarget section */

/* Begin PBXProject section */
		B9EF04F21865D42C00CF7A38 /* Project object */ = {
			isa = PBXProject;
			attributes = {
				LastUpgradeCheck = 0510;
				ORGANIZATIONNAME = CoreCode;
				TargetAttributes = {
					B9EF05141865D42C00CF7A38 = {
						TestTargetID = B9EF04F91865D42C00CF7A38;
					};
				};
			};
			buildConfigurationList = B9EF04F51865D42C00CF7A38 /* Build configuration list for PBXProject "CoreLibTests" */;
			compatibilityVersion = "Xcode 3.2";
			developmentRegion = English;
			hasScannedForEncodings = 0;
			knownRegions = (
				en,
			);
			mainGroup = B9EF04F11865D42C00CF7A38;
			productRefGroup = B9EF04FB1865D42C00CF7A38 /* Products */;
			projectDirPath = "";
			projectRoot = "";
			targets = (
				B9EF05141865D42C00CF7A38 /* CoreLibTests iOS ARC */,
				B9EF05641865F18300CF7A38 /* CoreLibTests iOS RR */,
				B9EF05811865F20900CF7A38 /* CoreLibTests Mac RR */,
				B9EF05BB1865F4A000CF7A38 /* CoreLibTests Mac ARC */,
				B9EF05DA1865F53600CF7A38 /* CoreLibTests */,
			);
		};
/* End PBXProject section */

/* Begin PBXResourcesBuildPhase section */
		B9EF05131865D42C00CF7A38 /* Resources */ = {
			isa = PBXResourcesBuildPhase;
			buildActionMask = 2147483647;
			files = (
			);
			runOnlyForDeploymentPostprocessing = 0;
		};
		B9EF057C1865F18300CF7A38 /* Resources */ = {
			isa = PBXResourcesBuildPhase;
			buildActionMask = 2147483647;
			files = (
			);
			runOnlyForDeploymentPostprocessing = 0;
		};
		B9EF05991865F20900CF7A38 /* Resources */ = {
			isa = PBXResourcesBuildPhase;
			buildActionMask = 2147483647;
			files = (
			);
			runOnlyForDeploymentPostprocessing = 0;
		};
		B9EF05D51865F4A000CF7A38 /* Resources */ = {
			isa = PBXResourcesBuildPhase;
			buildActionMask = 2147483647;
			files = (
			);
			runOnlyForDeploymentPostprocessing = 0;
		};
/* End PBXResourcesBuildPhase section */

/* Begin PBXSourcesBuildPhase section */
		B9EF05111865D42C00CF7A38 /* Sources */ = {
			isa = PBXSourcesBuildPhase;
			buildActionMask = 2147483647;
			files = (
				B933AB3618BBDFA1006E42B9 /* Foundation+CoreCode.m in Sources */,
				B9EF05571865D5A200CF7A38 /* JMPopoverController.m in Sources */,
				B9EF05541865D5A200CF7A38 /* JMActionSheet.m in Sources */,
				B933AB3A18BBDFA1006E42B9 /* Foundation+Properties.m in Sources */,
				B9EF05581865D5A200CF7A38 /* JMWebViewController.m in Sources */,
				B9EF052D1865D57400CF7A38 /* CoreLibTests.m in Sources */,
				B9EF05551865D5A200CF7A38 /* JMAlertView.m in Sources */,
				B9EF05561865D5A200CF7A38 /* JMChoiceController.m in Sources */,
				B933AB2A18BBDFA1006E42B9 /* AppKit+CoreCode.m in Sources */,
				B933AB3218BBDFA1006E42B9 /* CoreLib.m in Sources */,
				B933AB2E18BBDFA1006E42B9 /* AppKit+Properties.m in Sources */,
				B97FDADA1933AA1900A93E6C /* JMSlideshowController.m in Sources */,
			);
			runOnlyForDeploymentPostprocessing = 0;
		};
		B9EF05651865F18300CF7A38 /* Sources */ = {
			isa = PBXSourcesBuildPhase;
			buildActionMask = 2147483647;
			files = (
				B933AB3718BBDFA1006E42B9 /* Foundation+CoreCode.m in Sources */,
				B9EF05691865F18300CF7A38 /* JMPopoverController.m in Sources */,
				B9EF056B1865F18300CF7A38 /* JMActionSheet.m in Sources */,
				B933AB3B18BBDFA1006E42B9 /* Foundation+Properties.m in Sources */,
				B9EF05721865F18300CF7A38 /* JMWebViewController.m in Sources */,
				B9EF05731865F18300CF7A38 /* CoreLibTests.m in Sources */,
				B9EF05741865F18300CF7A38 /* JMAlertView.m in Sources */,
				B9EF05771865F18300CF7A38 /* JMChoiceController.m in Sources */,
				B933AB2B18BBDFA1006E42B9 /* AppKit+CoreCode.m in Sources */,
				B933AB3318BBDFA1006E42B9 /* CoreLib.m in Sources */,
				B933AB2F18BBDFA1006E42B9 /* AppKit+Properties.m in Sources */,
				B97FDADB1933AA1900A93E6C /* JMSlideshowController.m in Sources */,
			);
			runOnlyForDeploymentPostprocessing = 0;
		};
		B9EF05821865F20900CF7A38 /* Sources */ = {
			isa = PBXSourcesBuildPhase;
			buildActionMask = 2147483647;
			files = (
				B9EF05AF1865F24800CF7A38 /* JMAppMovedHandler.m in Sources */,
				B933AB3418BBDFA1006E42B9 /* CoreLib.m in Sources */,
				B933AB3018BBDFA1006E42B9 /* AppKit+Properties.m in Sources */,
				B933AB2C18BBDFA1006E42B9 /* AppKit+CoreCode.m in Sources */,
				B9EF05B21865F24800CF7A38 /* JMEmailSender.m in Sources */,
				B9EF05B31865F24800CF7A38 /* JMHostInformation.m in Sources */,
				B9EF05B11865F24800CF7A38 /* JMDocklessApplication.m in Sources */,
				B9EF05B01865F24800CF7A38 /* JMCorrectTimer.m in Sources */,
				B933AB3C18BBDFA1006E42B9 /* Foundation+Properties.m in Sources */,
				B9EF05B41865F24800CF7A38 /* JMLoginItemManager.m in Sources */,
				B9595DC51933AAF200382738 /* JMClickableImageView.m in Sources */,
				B9EF05B51865F24800CF7A38 /* JMVisibilityManager.m in Sources */,
				B933AB3818BBDFA1006E42B9 /* Foundation+CoreCode.m in Sources */,
				B9595DC71933AAF200382738 /* JMFontPopUpButton.m in Sources */,
				B9EF05901865F20900CF7A38 /* CoreLibTests.m in Sources */,
			);
			runOnlyForDeploymentPostprocessing = 0;
		};
		B9EF05BC1865F4A000CF7A38 /* Sources */ = {
			isa = PBXSourcesBuildPhase;
			buildActionMask = 2147483647;
			files = (
				B9EF05BD1865F4A000CF7A38 /* JMAppMovedHandler.m in Sources */,
				B933AB3518BBDFA1006E42B9 /* CoreLib.m in Sources */,
				B933AB3118BBDFA1006E42B9 /* AppKit+Properties.m in Sources */,
				B933AB2D18BBDFA1006E42B9 /* AppKit+CoreCode.m in Sources */,
				B9EF05BF1865F4A000CF7A38 /* JMEmailSender.m in Sources */,
				B9EF05C21865F4A000CF7A38 /* JMHostInformation.m in Sources */,
				B9EF05C31865F4A000CF7A38 /* JMDocklessApplication.m in Sources */,
				B9EF05C41865F4A000CF7A38 /* JMCorrectTimer.m in Sources */,
				B933AB3D18BBDFA1006E42B9 /* Foundation+Properties.m in Sources */,
				B9EF05C51865F4A000CF7A38 /* JMLoginItemManager.m in Sources */,
				B9595DC61933AAF200382738 /* JMClickableImageView.m in Sources */,
				B9EF05C91865F4A000CF7A38 /* JMVisibilityManager.m in Sources */,
				B933AB3918BBDFA1006E42B9 /* Foundation+CoreCode.m in Sources */,
				B9595DC81933AAF200382738 /* JMFontPopUpButton.m in Sources */,
				B9EF05CE1865F4A000CF7A38 /* CoreLibTests.m in Sources */,
			);
			runOnlyForDeploymentPostprocessing = 0;
		};
/* End PBXSourcesBuildPhase section */

/* Begin PBXTargetDependency section */
		B9EF05DF1865F54100CF7A38 /* PBXTargetDependency */ = {
			isa = PBXTargetDependency;
			target = B9EF05BB1865F4A000CF7A38 /* CoreLibTests Mac ARC */;
			targetProxy = B9EF05DE1865F54100CF7A38 /* PBXContainerItemProxy */;
		};
		B9EF05E11865F54200CF7A38 /* PBXTargetDependency */ = {
			isa = PBXTargetDependency;
			target = B9EF05811865F20900CF7A38 /* CoreLibTests Mac RR */;
			targetProxy = B9EF05E01865F54200CF7A38 /* PBXContainerItemProxy */;
		};
		B9EF05E31865F54300CF7A38 /* PBXTargetDependency */ = {
			isa = PBXTargetDependency;
			target = B9EF05641865F18300CF7A38 /* CoreLibTests iOS RR */;
			targetProxy = B9EF05E21865F54300CF7A38 /* PBXContainerItemProxy */;
		};
		B9EF05E51865F54400CF7A38 /* PBXTargetDependency */ = {
			isa = PBXTargetDependency;
			target = B9EF05141865D42C00CF7A38 /* CoreLibTests iOS ARC */;
			targetProxy = B9EF05E41865F54400CF7A38 /* PBXContainerItemProxy */;
		};
/* End PBXTargetDependency section */

/* Begin XCBuildConfiguration section */
		B9EF05241865D42C00CF7A38 /* Debug */ = {
			isa = XCBuildConfiguration;
			buildSettings = {
				ALWAYS_SEARCH_USER_PATHS = NO;
				CLANG_CXX_LANGUAGE_STANDARD = "gnu++0x";
				CLANG_CXX_LIBRARY = "libc++";
				CLANG_ENABLE_MODULES = YES;
				CLANG_ENABLE_OBJC_ARC = YES;
				CLANG_WARN_BOOL_CONVERSION = YES;
				CLANG_WARN_CONSTANT_CONVERSION = YES;
				CLANG_WARN_DIRECT_OBJC_ISA_USAGE = YES_ERROR;
				CLANG_WARN_EMPTY_BODY = YES;
				CLANG_WARN_ENUM_CONVERSION = YES;
				CLANG_WARN_INT_CONVERSION = YES;
				CLANG_WARN_OBJC_ROOT_CLASS = YES_ERROR;
				CLANG_WARN__DUPLICATE_METHOD_MATCH = YES;
				"CODE_SIGN_IDENTITY[sdk=iphoneos*]" = "iPhone Developer";
				COPY_PHASE_STRIP = NO;
				GCC_C_LANGUAGE_STANDARD = gnu99;
				GCC_DYNAMIC_NO_PIC = NO;
				GCC_OPTIMIZATION_LEVEL = 0;
				GCC_PRECOMPILE_PREFIX_HEADER = YES;
				GCC_PREFIX_HEADER = Tests/CoreLibTests.h;
				GCC_PREPROCESSOR_DEFINITIONS = (
					"DEBUG=1",
					"$(inherited)",
				);
				GCC_SYMBOLS_PRIVATE_EXTERN = NO;
				GCC_WARN_64_TO_32_BIT_CONVERSION = YES;
				GCC_WARN_ABOUT_RETURN_TYPE = YES_ERROR;
				GCC_WARN_UNDECLARED_SELECTOR = YES;
				GCC_WARN_UNINITIALIZED_AUTOS = YES;
				GCC_WARN_UNUSED_FUNCTION = YES;
				GCC_WARN_UNUSED_VARIABLE = YES;
				IPHONEOS_DEPLOYMENT_TARGET = 6.0;
				MACOSX_DEPLOYMENT_TARGET = 10.7;
				ONLY_ACTIVE_ARCH = YES;
				SDKROOT = iphoneos;
				TARGETED_DEVICE_FAMILY = "1,2";
				WARNING_CFLAGS = (
					"-Weverything",
					"-Wno-auto-import",
					"-Wno-objc-missing-property-synthesis",
					"-Wno-gnu",
					"-Wno-variadic-macros",
				);
			};
			name = Debug;
		};
		B9EF05251865D42C00CF7A38 /* Release */ = {
			isa = XCBuildConfiguration;
			buildSettings = {
				ALWAYS_SEARCH_USER_PATHS = NO;
				CLANG_CXX_LANGUAGE_STANDARD = "gnu++0x";
				CLANG_CXX_LIBRARY = "libc++";
				CLANG_ENABLE_MODULES = YES;
				CLANG_ENABLE_OBJC_ARC = YES;
				CLANG_WARN_BOOL_CONVERSION = YES;
				CLANG_WARN_CONSTANT_CONVERSION = YES;
				CLANG_WARN_DIRECT_OBJC_ISA_USAGE = YES_ERROR;
				CLANG_WARN_EMPTY_BODY = YES;
				CLANG_WARN_ENUM_CONVERSION = YES;
				CLANG_WARN_INT_CONVERSION = YES;
				CLANG_WARN_OBJC_ROOT_CLASS = YES_ERROR;
				CLANG_WARN__DUPLICATE_METHOD_MATCH = YES;
				"CODE_SIGN_IDENTITY[sdk=iphoneos*]" = "iPhone Developer";
				COPY_PHASE_STRIP = YES;
				ENABLE_NS_ASSERTIONS = NO;
				GCC_C_LANGUAGE_STANDARD = gnu99;
				GCC_PRECOMPILE_PREFIX_HEADER = YES;
				GCC_PREFIX_HEADER = Tests/CoreLibTests.h;
				GCC_WARN_64_TO_32_BIT_CONVERSION = YES;
				GCC_WARN_ABOUT_RETURN_TYPE = YES_ERROR;
				GCC_WARN_UNDECLARED_SELECTOR = YES;
				GCC_WARN_UNINITIALIZED_AUTOS = YES;
				GCC_WARN_UNUSED_FUNCTION = YES;
				GCC_WARN_UNUSED_VARIABLE = YES;
				IPHONEOS_DEPLOYMENT_TARGET = 6.0;
				MACOSX_DEPLOYMENT_TARGET = 10.7;
				SDKROOT = iphoneos;
				TARGETED_DEVICE_FAMILY = "1,2";
				VALIDATE_PRODUCT = YES;
				WARNING_CFLAGS = (
					"-Weverything",
					"-Wno-auto-import",
					"-Wno-objc-missing-property-synthesis",
					"-Wno-gnu",
					"-Wno-variadic-macros",
				);
			};
			name = Release;
		};
		B9EF052A1865D42C00CF7A38 /* Debug */ = {
			isa = XCBuildConfiguration;
			buildSettings = {
				BUNDLE_LOADER = "";
				FRAMEWORK_SEARCH_PATHS = (
					"$(SDKROOT)/Developer/Library/Frameworks",
					"$(inherited)",
					"$(DEVELOPER_FRAMEWORKS_DIR)",
				);
				GCC_PREPROCESSOR_DEFINITIONS = (
					"USE_SECURITY=1",
					"$(inherited)",
				);
				PRODUCT_NAME = "$(TARGET_NAME)";
				TEST_HOST = "$(BUNDLE_LOADER)";
				WRAPPER_EXTENSION = xctest;
			};
			name = Debug;
		};
		B9EF052B1865D42C00CF7A38 /* Release */ = {
			isa = XCBuildConfiguration;
			buildSettings = {
				FRAMEWORK_SEARCH_PATHS = (
					"$(SDKROOT)/Developer/Library/Frameworks",
					"$(inherited)",
					"$(DEVELOPER_FRAMEWORKS_DIR)",
				);
				GCC_PREPROCESSOR_DEFINITIONS = "USE_SECURITY=1";
				PRODUCT_NAME = "$(TARGET_NAME)";
				TEST_HOST = "$(BUNDLE_LOADER)";
				WRAPPER_EXTENSION = xctest;
			};
			name = Release;
		};
		B9EF057E1865F18300CF7A38 /* Debug */ = {
			isa = XCBuildConfiguration;
			buildSettings = {
				CLANG_ENABLE_OBJC_ARC = NO;
				FRAMEWORK_SEARCH_PATHS = (
					"$(SDKROOT)/Developer/Library/Frameworks",
					"$(inherited)",
					"$(DEVELOPER_FRAMEWORKS_DIR)",
				);
				GCC_PREPROCESSOR_DEFINITIONS = (
					"DEBUG=1",
					"$(inherited)",
				);
				PRODUCT_NAME = "CoreLibTests iOS RR";
				WRAPPER_EXTENSION = xctest;
			};
			name = Debug;
		};
		B9EF057F1865F18300CF7A38 /* Release */ = {
			isa = XCBuildConfiguration;
			buildSettings = {
				CLANG_ENABLE_OBJC_ARC = NO;
				FRAMEWORK_SEARCH_PATHS = (
					"$(SDKROOT)/Developer/Library/Frameworks",
					"$(inherited)",
					"$(DEVELOPER_FRAMEWORKS_DIR)",
				);
				PRODUCT_NAME = "CoreLibTests iOS RR";
				WRAPPER_EXTENSION = xctest;
			};
			name = Release;
		};
		B9EF059B1865F20900CF7A38 /* Debug */ = {
			isa = XCBuildConfiguration;
			buildSettings = {
				CLANG_ENABLE_OBJC_ARC = NO;
				COMBINE_HIDPI_IMAGES = YES;
				FRAMEWORK_SEARCH_PATHS = (
					"$(inherited)",
					"$(DEVELOPER_FRAMEWORKS_DIR)",
				);
				GCC_PREPROCESSOR_DEFINITIONS = (
					"DEBUG=1",
					"$(inherited)",
					"MAC=1",
				);
				PRODUCT_NAME = "CoreLibTests Mac RR";
				SDKROOT = macosx;
				WRAPPER_EXTENSION = xctest;
			};
			name = Debug;
		};
		B9EF059C1865F20900CF7A38 /* Release */ = {
			isa = XCBuildConfiguration;
			buildSettings = {
				CLANG_ENABLE_OBJC_ARC = NO;
				COMBINE_HIDPI_IMAGES = YES;
				FRAMEWORK_SEARCH_PATHS = (
					"$(inherited)",
					"$(DEVELOPER_FRAMEWORKS_DIR)",
				);
				GCC_PREPROCESSOR_DEFINITIONS = (
					"MAC=1",
					"NDEBUG=1",
				);
				PRODUCT_NAME = "CoreLibTests Mac RR";
				SDKROOT = macosx;
				WRAPPER_EXTENSION = xctest;
			};
			name = Release;
		};
		B9EF05D71865F4A000CF7A38 /* Debug */ = {
			isa = XCBuildConfiguration;
			buildSettings = {
				CLANG_ENABLE_OBJC_ARC = YES;
				COMBINE_HIDPI_IMAGES = YES;
				FRAMEWORK_SEARCH_PATHS = "$(inherited)";
				GCC_PREPROCESSOR_DEFINITIONS = (
					"DEBUG=1",
					"$(inherited)",
					"MAC=1",
					"USE_SECURITY=1",
				);
				PRODUCT_NAME = "CoreLibTests Mac ARC";
				SDKROOT = macosx;
				WRAPPER_EXTENSION = xctest;
			};
			name = Debug;
		};
		B9EF05D81865F4A000CF7A38 /* Release */ = {
			isa = XCBuildConfiguration;
			buildSettings = {
				CLANG_ENABLE_OBJC_ARC = YES;
				COMBINE_HIDPI_IMAGES = YES;
				FRAMEWORK_SEARCH_PATHS = "$(inherited)";
				GCC_PREPROCESSOR_DEFINITIONS = (
					"MAC=1",
					"NDEBUG=1",
					"USE_SECURITY=1",
				);
				PRODUCT_NAME = "CoreLibTests Mac ARC";
				SDKROOT = macosx;
				WRAPPER_EXTENSION = xctest;
			};
			name = Release;
		};
		B9EF05DC1865F53600CF7A38 /* Debug */ = {
			isa = XCBuildConfiguration;
			buildSettings = {
				PRODUCT_NAME = "$(TARGET_NAME)";
			};
			name = Debug;
		};
		B9EF05DD1865F53600CF7A38 /* Release */ = {
			isa = XCBuildConfiguration;
			buildSettings = {
				PRODUCT_NAME = "$(TARGET_NAME)";
			};
			name = Release;
		};
/* End XCBuildConfiguration section */

/* Begin XCConfigurationList section */
		B9EF04F51865D42C00CF7A38 /* Build configuration list for PBXProject "CoreLibTests" */ = {
			isa = XCConfigurationList;
			buildConfigurations = (
				B9EF05241865D42C00CF7A38 /* Debug */,
				B9EF05251865D42C00CF7A38 /* Release */,
			);
			defaultConfigurationIsVisible = 0;
			defaultConfigurationName = Release;
		};
		B9EF05291865D42C00CF7A38 /* Build configuration list for PBXNativeTarget "CoreLibTests iOS ARC" */ = {
			isa = XCConfigurationList;
			buildConfigurations = (
				B9EF052A1865D42C00CF7A38 /* Debug */,
				B9EF052B1865D42C00CF7A38 /* Release */,
			);
			defaultConfigurationIsVisible = 0;
			defaultConfigurationName = Release;
		};
		B9EF057D1865F18300CF7A38 /* Build configuration list for PBXNativeTarget "CoreLibTests iOS RR" */ = {
			isa = XCConfigurationList;
			buildConfigurations = (
				B9EF057E1865F18300CF7A38 /* Debug */,
				B9EF057F1865F18300CF7A38 /* Release */,
			);
			defaultConfigurationIsVisible = 0;
			defaultConfigurationName = Release;
		};
		B9EF059A1865F20900CF7A38 /* Build configuration list for PBXNativeTarget "CoreLibTests Mac RR" */ = {
			isa = XCConfigurationList;
			buildConfigurations = (
				B9EF059B1865F20900CF7A38 /* Debug */,
				B9EF059C1865F20900CF7A38 /* Release */,
			);
			defaultConfigurationIsVisible = 0;
			defaultConfigurationName = Release;
		};
		B9EF05D61865F4A000CF7A38 /* Build configuration list for PBXNativeTarget "CoreLibTests Mac ARC" */ = {
			isa = XCConfigurationList;
			buildConfigurations = (
				B9EF05D71865F4A000CF7A38 /* Debug */,
				B9EF05D81865F4A000CF7A38 /* Release */,
			);
			defaultConfigurationIsVisible = 0;
			defaultConfigurationName = Release;
		};
		B9EF05DB1865F53600CF7A38 /* Build configuration list for PBXAggregateTarget "CoreLibTests" */ = {
			isa = XCConfigurationList;
			buildConfigurations = (
				B9EF05DC1865F53600CF7A38 /* Debug */,
				B9EF05DD1865F53600CF7A38 /* Release */,
			);
			defaultConfigurationIsVisible = 0;
			defaultConfigurationName = Release;
		};
/* End XCConfigurationList section */
	};
	rootObject = B9EF04F21865D42C00CF7A38 /* Project object */;
}
